
Microsoft Visual Studio Solution File, Format Version 12.00
Project("{FAE04EC0-301F-11D3-BF4B-00C04F79EFBC}") = "TesteTecnicoTarget", "TesteTecnicoTarget\TesteTecnicoTarget.csproj", "{B5CF8688-EB16-435B-A43B-B7ACCC668C83}"
EndProject
Project("{FAE04EC0-301F-11D3-BF4B-00C04F79EFBC}") = "TesteTecnicoTargetTest", "TesteTecnicoTargetTest\TesteTecnicoTargetTest.csproj", "{847AAF39-16FE-4A41-9151-CBF9CE0B47FB}"
EndProject
Global
	GlobalSection(SolutionConfigurationPlatforms) = preSolution
		Debug|Any CPU = Debug|Any CPU
		Release|Any CPU = Release|Any CPU
	EndGlobalSection
	GlobalSection(ProjectConfigurationPlatforms) = postSolution
		{B5CF8688-EB16-435B-A43B-B7ACCC668C83}.Debug|Any CPU.ActiveCfg = Debug|Any CPU
		{B5CF8688-EB16-435B-A43B-B7ACCC668C83}.Debug|Any CPU.Build.0 = Debug|Any CPU
		{B5CF8688-EB16-435B-A43B-B7ACCC668C83}.Release|Any CPU.ActiveCfg = Release|Any CPU
		{B5CF8688-EB16-435B-A43B-B7ACCC668C83}.Release|Any CPU.Build.0 = Release|Any CPU
		{847AAF39-16FE-4A41-9151-CBF9CE0B47FB}.Debug|Any CPU.ActiveCfg = Debug|Any CPU
		{847AAF39-16FE-4A41-9151-CBF9CE0B47FB}.Debug|Any CPU.Build.0 = Debug|Any CPU
		{847AAF39-16FE-4A41-9151-CBF9CE0B47FB}.Release|Any CPU.ActiveCfg = Release|Any CPU
		{847AAF39-16FE-4A41-9151-CBF9CE0B47FB}.Release|Any CPU.Build.0 = Release|Any CPU
	EndGlobalSection
EndGlobal
